
Microsoft Visual Studio Solution File, Format Version 12.00
# Visual Studio Version 16
VisualStudioVersion = 16.0.34301.259
MinimumVisualStudioVersion = 10.0.40219.1
Project("{FAE04EC0-301F-11D3-BF4B-00C04F79EFBC}") = "BuscaFilme", "BuscaFilme.csproj", "{6087648A-FB8A-4767-83A1-07910AB0187D}"
EndProject
Global
	GlobalSection(SolutionConfigurationPlatforms) = preSolution
		Debug|Any CPU = Debug|Any CPU
		Release|Any CPU = Release|Any CPU
	EndGlobalSection
	GlobalSection(ProjectConfigurationPlatforms) = postSolution
		{6087648A-FB8A-4767-83A1-07910AB0187D}.Debug|Any CPU.ActiveCfg = Debug|Any CPU
		{6087648A-FB8A-4767-83A1-07910AB0187D}.Debug|Any CPU.Build.0 = Debug|Any CPU
		{6087648A-FB8A-4767-83A1-07910AB0187D}.Release|Any CPU.ActiveCfg = Release|Any CPU
		{6087648A-FB8A-4767-83A1-07910AB0187D}.Release|Any CPU.Build.0 = Release|Any CPU
	EndGlobalSection
	GlobalSection(SolutionProperties) = preSolution
		HideSolutionNode = FALSE
	EndGlobalSection
	GlobalSection(ExtensibilityGlobals) = postSolution
		SolutionGuid = {7079F884-1333-4D26-9FEE-77573F3170CE}
	EndGlobalSection
EndGlobal
