
Microsoft Visual Studio Solution File, Format Version 12.00
# Visual Studio Version 16
VisualStudioVersion = 16.0.34301.259
MinimumVisualStudioVersion = 10.0.40219.1
Project("{FAE04EC0-301F-11D3-BF4B-00C04F79EFBC}") = "CatalogoUsuario", "CatalogoUsuario.csproj", "{8B6A1E37-944E-4BA2-82A5-B1E8B31C0352}"
EndProject
Global
	GlobalSection(SolutionConfigurationPlatforms) = preSolution
		Debug|Any CPU = Debug|Any CPU
		Release|Any CPU = Release|Any CPU
	EndGlobalSection
	GlobalSection(ProjectConfigurationPlatforms) = postSolution
		{8B6A1E37-944E-4BA2-82A5-B1E8B31C0352}.Debug|Any CPU.ActiveCfg = Debug|Any CPU
		{8B6A1E37-944E-4BA2-82A5-B1E8B31C0352}.Debug|Any CPU.Build.0 = Debug|Any CPU
		{8B6A1E37-944E-4BA2-82A5-B1E8B31C0352}.Release|Any CPU.ActiveCfg = Release|Any CPU
		{8B6A1E37-944E-4BA2-82A5-B1E8B31C0352}.Release|Any CPU.Build.0 = Release|Any CPU
	EndGlobalSection
	GlobalSection(SolutionProperties) = preSolution
		HideSolutionNode = FALSE
	EndGlobalSection
	GlobalSection(ExtensibilityGlobals) = postSolution
		SolutionGuid = {43F93B31-8575-4743-B860-2A735C762678}
	EndGlobalSection
EndGlobal
